
Microsoft Visual Studio Solution File, Format Version 12.00
# Visual Studio Version 16
VisualStudioVersion = 16.0.29519.181
MinimumVisualStudioVersion = 10.0.40219.1
Project("{FAE04EC0-301F-11D3-BF4B-00C04F79EFBC}") = "All", "All\All.csproj", "{4FCE49A9-2BFC-43F6-96A7-7206707B487D}"
EndProject
Global
	GlobalSection(SolutionConfigurationPlatforms) = preSolution
		Debug|Any CPU = Debug|Any CPU
		Release|Any CPU = Release|Any CPU
	EndGlobalSection
	GlobalSection(ProjectConfigurationPlatforms) = postSolution
		{4FCE49A9-2BFC-43F6-96A7-7206707B487D}.Debug|Any CPU.ActiveCfg = Debug|Any CPU
		{4FCE49A9-2BFC-43F6-96A7-7206707B487D}.Debug|Any CPU.Build.0 = Debug|Any CPU
		{4FCE49A9-2BFC-43F6-96A7-7206707B487D}.Release|Any CPU.ActiveCfg = Release|Any CPU
		{4FCE49A9-2BFC-43F6-96A7-7206707B487D}.Release|Any CPU.Build.0 = Release|Any CPU
	EndGlobalSection
	GlobalSection(SolutionProperties) = preSolution
		HideSolutionNode = FALSE
	EndGlobalSection
	GlobalSection(ExtensibilityGlobals) = postSolution
		SolutionGuid = {49E9A0F0-7467-4696-9E04-15122A582C6E}
	EndGlobalSection
EndGlobal
